
Microsoft Visual Studio Solution File, Format Version 12.00
# Visual Studio Version 17
VisualStudioVersion = 17.11.35327.3
MinimumVisualStudioVersion = 10.0.40219.1
Project("{9A19103F-16F7-4668-BE54-9A1E7A4F7556}") = "LibMPV.AutoGen", "LibMPV.AutoGen\LibMPV.AutoGen.csproj", "{9A46CCC0-4CB7-4248-8B72-2A0042BC68D9}"
EndProject
Project("{9A19103F-16F7-4668-BE54-9A1E7A4F7556}") = "LibMPVSharp", "LibMPVSharp\LibMPVSharp.csproj", "{6A9D47E3-B6C9-4F98-BCA6-D64FEDC5EA83}"
EndProject
Project("{9A19103F-16F7-4668-BE54-9A1E7A4F7556}") = "LibMPVSharp.WPF", "LibMPVSharp.WPF\LibMPVSharp.WPF.csproj", "{634E6C51-6A1D-4164-92C0-90A5D0F38C74}"
EndProject
Project("{FAE04EC0-301F-11D3-BF4B-00C04F79EFBC}") = "LibMPVSharp.WPF.Demo", "LibMPVSharp.WPF.Demo\LibMPVSharp.WPF.Demo.csproj", "{8C86E9AB-0838-44EE-BE9B-B3F40D3B0960}"
EndProject
Project("{FAE04EC0-301F-11D3-BF4B-00C04F79EFBC}") = "LibMPVSharp.Avalonia", "LibMPVSharp.Avalonia\LibMPVSharp.Avalonia.csproj", "{AA2E5807-C95E-48BA-BD28-E28B20273043}"
EndProject
Project("{2150E333-8FDC-42A3-9474-1A3956D46DE8}") = "Demo", "Demo", "{4D9B17BE-00F2-4EBA-A85B-0561BAF8EFA0}"
EndProject
Project("{FAE04EC0-301F-11D3-BF4B-00C04F79EFBC}") = "LibMPVSharp.Avalonia.Demo", "LibMPVSharp.Avalonia.Demo\LibMPVSharp.Avalonia.Demo.csproj", "{EAE6F011-8A51-4A67-93EB-808AD66D4D7B}"
EndProject
Project("{FAE04EC0-301F-11D3-BF4B-00C04F79EFBC}") = "LibMPVSharp.Avalonia.Demo.Android", "LibMPVSharp.Avalonia.Demo.Android\LibMPVSharp.Avalonia.Demo.Android.csproj", "{986C05AA-E053-4ABE-A2BE-23DCC1919E80}"
EndProject
Project("{FAE04EC0-301F-11D3-BF4B-00C04F79EFBC}") = "LibMPVSharp.Avalonia.Demo.Desktop", "LibMPVSharp.Avalonia.Demo.Desktop\LibMPVSharp.Avalonia.Demo.Desktop.csproj", "{0261B13E-2E59-43D8-9719-8FD8A3D69C9D}"
EndProject
Project("{FAE04EC0-301F-11D3-BF4B-00C04F79EFBC}") = "LibMPVSharp.Avalonia.Demo.iOS", "LibMPVSharp.Avalonia.Demo.iOS\LibMPVSharp.Avalonia.Demo.iOS.csproj", "{6815E454-9839-4718-82AC-5E075CE51439}"
EndProject
Project("{2150E333-8FDC-42A3-9474-1A3956D46DE8}") = "Natives", "Natives", "{4DFD612F-80B9-4CF6-88F3-9889592253AD}"
EndProject
Project("{FAE04EC0-301F-11D3-BF4B-00C04F79EFBC}") = "LibMPVSharp.Native.Android", "LibMPVSharp.Native.Android\LibMPVSharp.Native.Android.csproj", "{D7DEFF3F-7EEA-49F1-BAF8-C4A0036EB271}"
EndProject
Project("{FAE04EC0-301F-11D3-BF4B-00C04F79EFBC}") = "LibMPVSharp.Native.Desktop", "LibMPVSharp.Native.Desktop\LibMPVSharp.Native.Desktop.csproj", "{6129594C-2D35-4283-BD24-C321CB295C1F}"
EndProject
Global
	GlobalSection(SolutionConfigurationPlatforms) = preSolution
		Debug|Any CPU = Debug|Any CPU
		Debug|x64 = Debug|x64
		Release|Any CPU = Release|Any CPU
		Release|x64 = Release|x64
	EndGlobalSection
	GlobalSection(ProjectConfigurationPlatforms) = postSolution
		{9A46CCC0-4CB7-4248-8B72-2A0042BC68D9}.Debug|Any CPU.ActiveCfg = Debug|Any CPU
		{9A46CCC0-4CB7-4248-8B72-2A0042BC68D9}.Debug|Any CPU.Build.0 = Debug|Any CPU
		{9A46CCC0-4CB7-4248-8B72-2A0042BC68D9}.Debug|x64.ActiveCfg = Debug|x64
		{9A46CCC0-4CB7-4248-8B72-2A0042BC68D9}.Debug|x64.Build.0 = Debug|x64
		{9A46CCC0-4CB7-4248-8B72-2A0042BC68D9}.Release|Any CPU.ActiveCfg = Release|Any CPU
		{9A46CCC0-4CB7-4248-8B72-2A0042BC68D9}.Release|Any CPU.Build.0 = Release|Any CPU
		{9A46CCC0-4CB7-4248-8B72-2A0042BC68D9}.Release|x64.ActiveCfg = Release|x64
		{9A46CCC0-4CB7-4248-8B72-2A0042BC68D9}.Release|x64.Build.0 = Release|x64
		{6A9D47E3-B6C9-4F98-BCA6-D64FEDC5EA83}.Debug|Any CPU.ActiveCfg = Debug|Any CPU
		{6A9D47E3-B6C9-4F98-BCA6-D64FEDC5EA83}.Debug|Any CPU.Build.0 = Debug|Any CPU
		{6A9D47E3-B6C9-4F98-BCA6-D64FEDC5EA83}.Debug|x64.ActiveCfg = Debug|x64
		{6A9D47E3-B6C9-4F98-BCA6-D64FEDC5EA83}.Debug|x64.Build.0 = Debug|x64
		{6A9D47E3-B6C9-4F98-BCA6-D64FEDC5EA83}.Release|Any CPU.ActiveCfg = Release|Any CPU
		{6A9D47E3-B6C9-4F98-BCA6-D64FEDC5EA83}.Release|Any CPU.Build.0 = Release|Any CPU
		{6A9D47E3-B6C9-4F98-BCA6-D64FEDC5EA83}.Release|x64.ActiveCfg = Release|x64
		{6A9D47E3-B6C9-4F98-BCA6-D64FEDC5EA83}.Release|x64.Build.0 = Release|x64
		{634E6C51-6A1D-4164-92C0-90A5D0F38C74}.Debug|Any CPU.ActiveCfg = Debug|Any CPU
		{634E6C51-6A1D-4164-92C0-90A5D0F38C74}.Debug|Any CPU.Build.0 = Debug|Any CPU
		{634E6C51-6A1D-4164-92C0-90A5D0F38C74}.Debug|x64.ActiveCfg = Debug|x64
		{634E6C51-6A1D-4164-92C0-90A5D0F38C74}.Debug|x64.Build.0 = Debug|x64
		{634E6C51-6A1D-4164-92C0-90A5D0F38C74}.Release|Any CPU.ActiveCfg = Release|Any CPU
		{634E6C51-6A1D-4164-92C0-90A5D0F38C74}.Release|Any CPU.Build.0 = Release|Any CPU
		{634E6C51-6A1D-4164-92C0-90A5D0F38C74}.Release|x64.ActiveCfg = Release|x64
		{634E6C51-6A1D-4164-92C0-90A5D0F38C74}.Release|x64.Build.0 = Release|x64
		{8C86E9AB-0838-44EE-BE9B-B3F40D3B0960}.Debug|Any CPU.ActiveCfg = Debug|Any CPU
		{8C86E9AB-0838-44EE-BE9B-B3F40D3B0960}.Debug|Any CPU.Build.0 = Debug|Any CPU
		{8C86E9AB-0838-44EE-BE9B-B3F40D3B0960}.Debug|x64.ActiveCfg = Debug|x64
		{8C86E9AB-0838-44EE-BE9B-B3F40D3B0960}.Debug|x64.Build.0 = Debug|x64
		{8C86E9AB-0838-44EE-BE9B-B3F40D3B0960}.Release|Any CPU.ActiveCfg = Release|Any CPU
		{8C86E9AB-0838-44EE-BE9B-B3F40D3B0960}.Release|Any CPU.Build.0 = Release|Any CPU
		{8C86E9AB-0838-44EE-BE9B-B3F40D3B0960}.Release|x64.ActiveCfg = Release|x64
		{8C86E9AB-0838-44EE-BE9B-B3F40D3B0960}.Release|x64.Build.0 = Release|x64
		{AA2E5807-C95E-48BA-BD28-E28B20273043}.Debug|Any CPU.ActiveCfg = Debug|Any CPU
		{AA2E5807-C95E-48BA-BD28-E28B20273043}.Debug|Any CPU.Build.0 = Debug|Any CPU
		{AA2E5807-C95E-48BA-BD28-E28B20273043}.Debug|x64.ActiveCfg = Debug|x64
		{AA2E5807-C95E-48BA-BD28-E28B20273043}.Debug|x64.Build.0 = Debug|x64
		{AA2E5807-C95E-48BA-BD28-E28B20273043}.Release|Any CPU.ActiveCfg = Release|Any CPU
		{AA2E5807-C95E-48BA-BD28-E28B20273043}.Release|Any CPU.Build.0 = Release|Any CPU
		{AA2E5807-C95E-48BA-BD28-E28B20273043}.Release|x64.ActiveCfg = Release|Any CPU
		{AA2E5807-C95E-48BA-BD28-E28B20273043}.Release|x64.Build.0 = Release|Any CPU
		{EAE6F011-8A51-4A67-93EB-808AD66D4D7B}.Debug|Any CPU.ActiveCfg = Debug|Any CPU
		{EAE6F011-8A51-4A67-93EB-808AD66D4D7B}.Debug|Any CPU.Build.0 = Debug|Any CPU
		{EAE6F011-8A51-4A67-93EB-808AD66D4D7B}.Debug|x64.ActiveCfg = Debug|x64
		{EAE6F011-8A51-4A67-93EB-808AD66D4D7B}.Debug|x64.Build.0 = Debug|x64
		{EAE6F011-8A51-4A67-93EB-808AD66D4D7B}.Release|Any CPU.ActiveCfg = Release|Any CPU
		{EAE6F011-8A51-4A67-93EB-808AD66D4D7B}.Release|Any CPU.Build.0 = Release|Any CPU
		{EAE6F011-8A51-4A67-93EB-808AD66D4D7B}.Release|x64.ActiveCfg = Release|Any CPU
		{EAE6F011-8A51-4A67-93EB-808AD66D4D7B}.Release|x64.Build.0 = Release|Any CPU
		{986C05AA-E053-4ABE-A2BE-23DCC1919E80}.Debug|Any CPU.ActiveCfg = Debug|Any CPU
		{986C05AA-E053-4ABE-A2BE-23DCC1919E80}.Debug|Any CPU.Build.0 = Debug|Any CPU
		{986C05AA-E053-4ABE-A2BE-23DCC1919E80}.Debug|Any CPU.Deploy.0 = Debug|Any CPU
		{986C05AA-E053-4ABE-A2BE-23DCC1919E80}.Debug|x64.ActiveCfg = Debug|x64
		{986C05AA-E053-4ABE-A2BE-23DCC1919E80}.Debug|x64.Build.0 = Debug|x64
		{986C05AA-E053-4ABE-A2BE-23DCC1919E80}.Debug|x64.Deploy.0 = Debug|x64
		{986C05AA-E053-4ABE-A2BE-23DCC1919E80}.Release|Any CPU.ActiveCfg = Release|Any CPU
		{986C05AA-E053-4ABE-A2BE-23DCC1919E80}.Release|Any CPU.Build.0 = Release|Any CPU
		{986C05AA-E053-4ABE-A2BE-23DCC1919E80}.Release|Any CPU.Deploy.0 = Release|Any CPU
		{986C05AA-E053-4ABE-A2BE-23DCC1919E80}.Release|x64.ActiveCfg = Release|Any CPU
		{986C05AA-E053-4ABE-A2BE-23DCC1919E80}.Release|x64.Build.0 = Release|Any CPU
		{986C05AA-E053-4ABE-A2BE-23DCC1919E80}.Release|x64.Deploy.0 = Release|Any CPU
		{0261B13E-2E59-43D8-9719-8FD8A3D69C9D}.Debug|Any CPU.ActiveCfg = Debug|Any CPU
		{0261B13E-2E59-43D8-9719-8FD8A3D69C9D}.Debug|Any CPU.Build.0 = Debug|Any CPU
		{0261B13E-2E59-43D8-9719-8FD8A3D69C9D}.Debug|x64.ActiveCfg = Debug|x64
		{0261B13E-2E59-43D8-9719-8FD8A3D69C9D}.Debug|x64.Build.0 = Debug|x64
		{0261B13E-2E59-43D8-9719-8FD8A3D69C9D}.Release|Any CPU.ActiveCfg = Release|Any CPU
		{0261B13E-2E59-43D8-9719-8FD8A3D69C9D}.Release|Any CPU.Build.0 = Release|Any CPU
		{0261B13E-2E59-43D8-9719-8FD8A3D69C9D}.Release|x64.ActiveCfg = Release|Any CPU
		{0261B13E-2E59-43D8-9719-8FD8A3D69C9D}.Release|x64.Build.0 = Release|Any CPU
		{6815E454-9839-4718-82AC-5E075CE51439}.Debug|Any CPU.ActiveCfg = Debug|Any CPU
		{6815E454-9839-4718-82AC-5E075CE51439}.Debug|Any CPU.Build.0 = Debug|Any CPU
		{6815E454-9839-4718-82AC-5E075CE51439}.Debug|Any CPU.Deploy.0 = Debug|Any CPU
		{6815E454-9839-4718-82AC-5E075CE51439}.Debug|x64.ActiveCfg = Debug|x64
		{6815E454-9839-4718-82AC-5E075CE51439}.Debug|x64.Build.0 = Debug|x64
		{6815E454-9839-4718-82AC-5E075CE51439}.Debug|x64.Deploy.0 = Debug|x64
		{6815E454-9839-4718-82AC-5E075CE51439}.Release|Any CPU.ActiveCfg = Release|Any CPU
		{6815E454-9839-4718-82AC-5E075CE51439}.Release|Any CPU.Build.0 = Release|Any CPU
		{6815E454-9839-4718-82AC-5E075CE51439}.Release|Any CPU.Deploy.0 = Release|Any CPU
		{6815E454-9839-4718-82AC-5E075CE51439}.Release|x64.ActiveCfg = Release|Any CPU
		{6815E454-9839-4718-82AC-5E075CE51439}.Release|x64.Build.0 = Release|Any CPU
		{6815E454-9839-4718-82AC-5E075CE51439}.Release|x64.Deploy.0 = Release|Any CPU
		{D7DEFF3F-7EEA-49F1-BAF8-C4A0036EB271}.Debug|Any CPU.ActiveCfg = Debug|Any CPU
		{D7DEFF3F-7EEA-49F1-BAF8-C4A0036EB271}.Debug|Any CPU.Build.0 = Debug|Any CPU
		{D7DEFF3F-7EEA-49F1-BAF8-C4A0036EB271}.Debug|x64.ActiveCfg = Debug|x64
		{D7DEFF3F-7EEA-49F1-BAF8-C4A0036EB271}.Debug|x64.Build.0 = Debug|x64
		{D7DEFF3F-7EEA-49F1-BAF8-C4A0036EB271}.Release|Any CPU.ActiveCfg = Release|Any CPU
		{D7DEFF3F-7EEA-49F1-BAF8-C4A0036EB271}.Release|Any CPU.Build.0 = Release|Any CPU
		{D7DEFF3F-7EEA-49F1-BAF8-C4A0036EB271}.Release|x64.ActiveCfg = Release|Any CPU
		{D7DEFF3F-7EEA-49F1-BAF8-C4A0036EB271}.Release|x64.Build.0 = Release|Any CPU
		{6129594C-2D35-4283-BD24-C321CB295C1F}.Debug|Any CPU.ActiveCfg = Debug|Any CPU
		{6129594C-2D35-4283-BD24-C321CB295C1F}.Debug|Any CPU.Build.0 = Debug|Any CPU
		{6129594C-2D35-4283-BD24-C321CB295C1F}.Debug|x64.ActiveCfg = Debug|Any CPU
		{6129594C-2D35-4283-BD24-C321CB295C1F}.Debug|x64.Build.0 = Debug|Any CPU
		{6129594C-2D35-4283-BD24-C321CB295C1F}.Release|Any CPU.ActiveCfg = Release|Any CPU
		{6129594C-2D35-4283-BD24-C321CB295C1F}.Release|Any CPU.Build.0 = Release|Any CPU
		{6129594C-2D35-4283-BD24-C321CB295C1F}.Release|x64.ActiveCfg = Release|Any CPU
		{6129594C-2D35-4283-BD24-C321CB295C1F}.Release|x64.Build.0 = Release|Any CPU
	EndGlobalSection
	GlobalSection(SolutionProperties) = preSolution
		HideSolutionNode = FALSE
	EndGlobalSection
	GlobalSection(NestedProjects) = preSolution
		{8C86E9AB-0838-44EE-BE9B-B3F40D3B0960} = {4D9B17BE-00F2-4EBA-A85B-0561BAF8EFA0}
		{EAE6F011-8A51-4A67-93EB-808AD66D4D7B} = {4D9B17BE-00F2-4EBA-A85B-0561BAF8EFA0}
		{986C05AA-E053-4ABE-A2BE-23DCC1919E80} = {4D9B17BE-00F2-4EBA-A85B-0561BAF8EFA0}
		{0261B13E-2E59-43D8-9719-8FD8A3D69C9D} = {4D9B17BE-00F2-4EBA-A85B-0561BAF8EFA0}
		{6815E454-9839-4718-82AC-5E075CE51439} = {4D9B17BE-00F2-4EBA-A85B-0561BAF8EFA0}
		{D7DEFF3F-7EEA-49F1-BAF8-C4A0036EB271} = {4DFD612F-80B9-4CF6-88F3-9889592253AD}
		{6129594C-2D35-4283-BD24-C321CB295C1F} = {4DFD612F-80B9-4CF6-88F3-9889592253AD}
	EndGlobalSection
	GlobalSection(ExtensibilityGlobals) = postSolution
		SolutionGuid = {D5FBE588-EB9E-49F6-97DD-E3870354F591}
	EndGlobalSection
EndGlobal
